
Microsoft Visual Studio Solution File, Format Version 12.00
# Visual Studio Version 17
VisualStudioVersion = 17.14.37111.16 d17.14
MinimumVisualStudioVersion = 10.0.40219.1
Project("{FAE04EC0-301F-11D3-BF4B-00C04F79EFBC}") = "OgrenciNotSistemiMVC", "OgrenciNotSistemiMVC\OgrenciNotSistemiMVC.csproj", "{BA1A653D-9030-4A41-AAE3-C628DC61717E}"
EndProject
Global
	GlobalSection(SolutionConfigurationPlatforms) = preSolution
		Debug|Any CPU = Debug|Any CPU
		Release|Any CPU = Release|Any CPU
	EndGlobalSection
	GlobalSection(ProjectConfigurationPlatforms) = postSolution
		{BA1A653D-9030-4A41-AAE3-C628DC61717E}.Debug|Any CPU.ActiveCfg = Debug|Any CPU
		{BA1A653D-9030-4A41-AAE3-C628DC61717E}.Debug|Any CPU.Build.0 = Debug|Any CPU
		{BA1A653D-9030-4A41-AAE3-C628DC61717E}.Release|Any CPU.ActiveCfg = Release|Any CPU
		{BA1A653D-9030-4A41-AAE3-C628DC61717E}.Release|Any CPU.Build.0 = Release|Any CPU
	EndGlobalSection
	GlobalSection(SolutionProperties) = preSolution
		HideSolutionNode = FALSE
	EndGlobalSection
	GlobalSection(ExtensibilityGlobals) = postSolution
		SolutionGuid = {BBC2EDC3-D612-4799-89B4-55E84A73BAC9}
	EndGlobalSection
EndGlobal
